// !$*UTF8*$!
{
	archiveVersion = 1;
	classes = {
	};
	objectVersion = 56;
	objects = {

/* Begin PBXBuildFile section */
		E8AA00D72AA3BD1D00EFBBFA /* MyMoviesApp.swift in Sources */ = {isa = PBXBuildFile; fileRef = E8AA00D62AA3BD1D00EFBBFA /* MyMoviesApp.swift */; };
		E8AA00D92AA3BD1D00EFBBFA /* Persistence.swift in Sources */ = {isa = PBXBuildFile; fileRef = E8AA00D82AA3BD1D00EFBBFA /* Persistence.swift */; };
		E8AA00DC2AA3BD1D00EFBBFA /* MyMovies.xcdatamodeld in Sources */ = {isa = PBXBuildFile; fileRef = E8AA00DA2AA3BD1D00EFBBFA /* MyMovies.xcdatamodeld */; };
		E8AA00DE2AA3BD1D00EFBBFA /* MovieListView.swift in Sources */ = {isa = PBXBuildFile; fileRef = E8AA00DD2AA3BD1D00EFBBFA /* MovieListView.swift */; };
		E8AA00E02AA3BD2400EFBBFA /* Assets.xcassets in Resources */ = {isa = PBXBuildFile; fileRef = E8AA00DF2AA3BD2400EFBBFA /* Assets.xcassets */; };
		E8AA00E42AA3BD2400EFBBFA /* Preview Assets.xcassets in Resources */ = {isa = PBXBuildFile; fileRef = E8AA00E32AA3BD2400EFBBFA /* Preview Assets.xcassets */; };
		E8AA00EE2AA3BD2400EFBBFA /* MyMoviesTests.swift in Sources */ = {isa = PBXBuildFile; fileRef = E8AA00ED2AA3BD2400EFBBFA /* MyMoviesTests.swift */; };
		E8AA00F82AA3BD2500EFBBFA /* MyMoviesUITests.swift in Sources */ = {isa = PBXBuildFile; fileRef = E8AA00F72AA3BD2500EFBBFA /* MyMoviesUITests.swift */; };
		E8AA00FA2AA3BD2500EFBBFA /* MyMoviesUITestsLaunchTests.swift in Sources */ = {isa = PBXBuildFile; fileRef = E8AA00F92AA3BD2500EFBBFA /* MyMoviesUITestsLaunchTests.swift */; };
		E8AA010B2AA3BEBD00EFBBFA /* SettingsView.swift in Sources */ = {isa = PBXBuildFile; fileRef = E8AA010A2AA3BEBD00EFBBFA /* SettingsView.swift */; };
		E8AA010D2AA3C20400EFBBFA /* Movie.swift in Sources */ = {isa = PBXBuildFile; fileRef = E8AA010C2AA3C20400EFBBFA /* Movie.swift */; };
		E8AA010F2AA3C21F00EFBBFA /* ListResponse.swift in Sources */ = {isa = PBXBuildFile; fileRef = E8AA010E2AA3C21F00EFBBFA /* ListResponse.swift */; };
		E8AA01112AA3D15300EFBBFA /* AuthenticateResponse.swift in Sources */ = {isa = PBXBuildFile; fileRef = E8AA01102AA3D15300EFBBFA /* AuthenticateResponse.swift */; };
		E8AA01162AA4ABCD00EFBBFA /* ButtonStyles.swift in Sources */ = {isa = PBXBuildFile; fileRef = E8AA01152AA4ABCD00EFBBFA /* ButtonStyles.swift */; };
		E8AA01182AA50B2800EFBBFA /* APIService.swift in Sources */ = {isa = PBXBuildFile; fileRef = E8AA01172AA50B2800EFBBFA /* APIService.swift */; };
		E8AA011A2AA513A100EFBBFA /* MovieListItem.swift in Sources */ = {isa = PBXBuildFile; fileRef = E8AA01192AA513A100EFBBFA /* MovieListItem.swift */; };
		E8AA011F2AA52C9900EFBBFA /* Constants.swift in Sources */ = {isa = PBXBuildFile; fileRef = E8AA011E2AA52C9900EFBBFA /* Constants.swift */; };
		E8AA01212AA52EBE00EFBBFA /* MovieDetail.swift in Sources */ = {isa = PBXBuildFile; fileRef = E8AA01202AA52EBE00EFBBFA /* MovieDetail.swift */; };
		E8AA01232AA64B1300EFBBFA /* SettingsViewModel.swift in Sources */ = {isa = PBXBuildFile; fileRef = E8AA01222AA64B1300EFBBFA /* SettingsViewModel.swift */; };
/* End PBXBuildFile section */

/* Begin PBXContainerItemProxy section */
		E8AA00EA2AA3BD2400EFBBFA /* PBXContainerItemProxy */ = {
			isa = PBXContainerItemProxy;
			containerPortal = E8AA00CB2AA3BD1D00EFBBFA /* Project object */;
			proxyType = 1;
			remoteGlobalIDString = E8AA00D22AA3BD1D00EFBBFA;
			remoteInfo = MyMovies;
		};
		E8AA00F42AA3BD2400EFBBFA /* PBXContainerItemProxy */ = {
			isa = PBXContainerItemProxy;
			containerPortal = E8AA00CB2AA3BD1D00EFBBFA /* Project object */;
			proxyType = 1;
			remoteGlobalIDString = E8AA00D22AA3BD1D00EFBBFA;
			remoteInfo = MyMovies;
		};
/* End PBXContainerItemProxy section */

/* Begin PBXFileReference section */
		E8AA00D32AA3BD1D00EFBBFA /* MyMovies.app */ = {isa = PBXFileReference; explicitFileType = wrapper.application; includeInIndex = 0; path = MyMovies.app; sourceTree = BUILT_PRODUCTS_DIR; };
		E8AA00D62AA3BD1D00EFBBFA /* MyMoviesApp.swift */ = {isa = PBXFileReference; lastKnownFileType = sourcecode.swift; path = MyMoviesApp.swift; sourceTree = "<group>"; };
		E8AA00D82AA3BD1D00EFBBFA /* Persistence.swift */ = {isa = PBXFileReference; lastKnownFileType = sourcecode.swift; path = Persistence.swift; sourceTree = "<group>"; };
		E8AA00DB2AA3BD1D00EFBBFA /* MyMovies.xcdatamodel */ = {isa = PBXFileReference; lastKnownFileType = wrapper.xcdatamodel; path = MyMovies.xcdatamodel; sourceTree = "<group>"; };
		E8AA00DD2AA3BD1D00EFBBFA /* MovieListView.swift */ = {isa = PBXFileReference; lastKnownFileType = sourcecode.swift; path = MovieListView.swift; sourceTree = "<group>"; };
		E8AA00DF2AA3BD2400EFBBFA /* Assets.xcassets */ = {isa = PBXFileReference; lastKnownFileType = folder.assetcatalog; path = Assets.xcassets; sourceTree = "<group>"; };
		E8AA00E12AA3BD2400EFBBFA /* MyMovies.entitlements */ = {isa = PBXFileReference; lastKnownFileType = text.plist.entitlements; path = MyMovies.entitlements; sourceTree = "<group>"; };
		E8AA00E32AA3BD2400EFBBFA /* Preview Assets.xcassets */ = {isa = PBXFileReference; lastKnownFileType = folder.assetcatalog; path = "Preview Assets.xcassets"; sourceTree = "<group>"; };
		E8AA00E92AA3BD2400EFBBFA /* MyMoviesTests.xctest */ = {isa = PBXFileReference; explicitFileType = wrapper.cfbundle; includeInIndex = 0; path = MyMoviesTests.xctest; sourceTree = BUILT_PRODUCTS_DIR; };
		E8AA00ED2AA3BD2400EFBBFA /* MyMoviesTests.swift */ = {isa = PBXFileReference; lastKnownFileType = sourcecode.swift; path = MyMoviesTests.swift; sourceTree = "<group>"; };
		E8AA00F32AA3BD2400EFBBFA /* MyMoviesUITests.xctest */ = {isa = PBXFileReference; explicitFileType = wrapper.cfbundle; includeInIndex = 0; path = MyMoviesUITests.xctest; sourceTree = BUILT_PRODUCTS_DIR; };
		E8AA00F72AA3BD2500EFBBFA /* MyMoviesUITests.swift */ = {isa = PBXFileReference; lastKnownFileType = sourcecode.swift; path = MyMoviesUITests.swift; sourceTree = "<group>"; };
		E8AA00F92AA3BD2500EFBBFA /* MyMoviesUITestsLaunchTests.swift */ = {isa = PBXFileReference; lastKnownFileType = sourcecode.swift; path = MyMoviesUITestsLaunchTests.swift; sourceTree = "<group>"; };
		E8AA010A2AA3BEBD00EFBBFA /* SettingsView.swift */ = {isa = PBXFileReference; lastKnownFileType = sourcecode.swift; path = SettingsView.swift; sourceTree = "<group>"; };
		E8AA010C2AA3C20400EFBBFA /* Movie.swift */ = {isa = PBXFileReference; lastKnownFileType = sourcecode.swift; path = Movie.swift; sourceTree = "<group>"; };
		E8AA010E2AA3C21F00EFBBFA /* ListResponse.swift */ = {isa = PBXFileReference; lastKnownFileType = sourcecode.swift; path = ListResponse.swift; sourceTree = "<group>"; };
		E8AA01102AA3D15300EFBBFA /* AuthenticateResponse.swift */ = {isa = PBXFileReference; lastKnownFileType = sourcecode.swift; path = AuthenticateResponse.swift; sourceTree = "<group>"; };
		E8AA01152AA4ABCD00EFBBFA /* ButtonStyles.swift */ = {isa = PBXFileReference; lastKnownFileType = sourcecode.swift; path = ButtonStyles.swift; sourceTree = "<group>"; };
		E8AA01172AA50B2800EFBBFA /* APIService.swift */ = {isa = PBXFileReference; lastKnownFileType = sourcecode.swift; path = APIService.swift; sourceTree = "<group>"; };
		E8AA01192AA513A100EFBBFA /* MovieListItem.swift */ = {isa = PBXFileReference; lastKnownFileType = sourcecode.swift; path = MovieListItem.swift; sourceTree = "<group>"; };
		E8AA011E2AA52C9900EFBBFA /* Constants.swift */ = {isa = PBXFileReference; lastKnownFileType = sourcecode.swift; path = Constants.swift; sourceTree = "<group>"; };
		E8AA01202AA52EBE00EFBBFA /* MovieDetail.swift */ = {isa = PBXFileReference; lastKnownFileType = sourcecode.swift; path = MovieDetail.swift; sourceTree = "<group>"; };
		E8AA01222AA64B1300EFBBFA /* SettingsViewModel.swift */ = {isa = PBXFileReference; lastKnownFileType = sourcecode.swift; path = SettingsViewModel.swift; sourceTree = "<group>"; };
/* End PBXFileReference section */

/* Begin PBXFrameworksBuildPhase section */
		E8AA00D02AA3BD1D00EFBBFA /* Frameworks */ = {
			isa = PBXFrameworksBuildPhase;
			buildActionMask = 2147483647;
			files = (
			);
			runOnlyForDeploymentPostprocessing = 0;
		};
		E8AA00E62AA3BD2400EFBBFA /* Frameworks */ = {
			isa = PBXFrameworksBuildPhase;
			buildActionMask = 2147483647;
			files = (
			);
			runOnlyForDeploymentPostprocessing = 0;
		};
		E8AA00F02AA3BD2400EFBBFA /* Frameworks */ = {
			isa = PBXFrameworksBuildPhase;
			buildActionMask = 2147483647;
			files = (
			);
			runOnlyForDeploymentPostprocessing = 0;
		};
/* End PBXFrameworksBuildPhase section */

/* Begin PBXGroup section */
		E8AA00CA2AA3BD1D00EFBBFA = {
			isa = PBXGroup;
			children = (
				E8AA00D52AA3BD1D00EFBBFA /* MyMovies */,
				E8AA00EC2AA3BD2400EFBBFA /* MyMoviesTests */,
				E8AA00F62AA3BD2400EFBBFA /* MyMoviesUITests */,
				E8AA00D42AA3BD1D00EFBBFA /* Products */,
			);
			sourceTree = "<group>";
		};
		E8AA00D42AA3BD1D00EFBBFA /* Products */ = {
			isa = PBXGroup;
			children = (
				E8AA00D32AA3BD1D00EFBBFA /* MyMovies.app */,
				E8AA00E92AA3BD2400EFBBFA /* MyMoviesTests.xctest */,
				E8AA00F32AA3BD2400EFBBFA /* MyMoviesUITests.xctest */,
			);
			name = Products;
			sourceTree = "<group>";
		};
		E8AA00D52AA3BD1D00EFBBFA /* MyMovies */ = {
			isa = PBXGroup;
			children = (
				E8AA00D62AA3BD1D00EFBBFA /* MyMoviesApp.swift */,
				E8AA00D82AA3BD1D00EFBBFA /* Persistence.swift */,
				E8AA011D2AA52C8800EFBBFA /* Misc */,
				E8AA01142AA4ABB800EFBBFA /* UI */,
				E8AA01092AA3BE4900EFBBFA /* Models */,
				E8AA01062AA3BE2B00EFBBFA /* Modules */,
				E8AA00DF2AA3BD2400EFBBFA /* Assets.xcassets */,
				E8AA00E12AA3BD2400EFBBFA /* MyMovies.entitlements */,
				E8AA00DA2AA3BD1D00EFBBFA /* MyMovies.xcdatamodeld */,
				E8AA00E22AA3BD2400EFBBFA /* Preview Content */,
			);
			path = MyMovies;
			sourceTree = "<group>";
		};
		E8AA00E22AA3BD2400EFBBFA /* Preview Content */ = {
			isa = PBXGroup;
			children = (
				E8AA00E32AA3BD2400EFBBFA /* Preview Assets.xcassets */,
			);
			path = "Preview Content";
			sourceTree = "<group>";
		};
		E8AA00EC2AA3BD2400EFBBFA /* MyMoviesTests */ = {
			isa = PBXGroup;
			children = (
				E8AA00ED2AA3BD2400EFBBFA /* MyMoviesTests.swift */,
			);
			path = MyMoviesTests;
			sourceTree = "<group>";
		};
		E8AA00F62AA3BD2400EFBBFA /* MyMoviesUITests */ = {
			isa = PBXGroup;
			children = (
				E8AA00F72AA3BD2500EFBBFA /* MyMoviesUITests.swift */,
				E8AA00F92AA3BD2500EFBBFA /* MyMoviesUITestsLaunchTests.swift */,
			);
			path = MyMoviesUITests;
			sourceTree = "<group>";
		};
		E8AA01062AA3BE2B00EFBBFA /* Modules */ = {
			isa = PBXGroup;
			children = (
				E8AA01072AA3BE3200EFBBFA /* MovieList */,
				E8AA01082AA3BE3D00EFBBFA /* Settings */,
				E8AA01202AA52EBE00EFBBFA /* MovieDetail.swift */,
			);
			path = Modules;
			sourceTree = "<group>";
		};
		E8AA01072AA3BE3200EFBBFA /* MovieList */ = {
			isa = PBXGroup;
			children = (
				E8AA00DD2AA3BD1D00EFBBFA /* MovieListView.swift */,
			);
			path = MovieList;
			sourceTree = "<group>";
		};
		E8AA01082AA3BE3D00EFBBFA /* Settings */ = {
			isa = PBXGroup;
			children = (
				E8AA010A2AA3BEBD00EFBBFA /* SettingsView.swift */,
				E8AA01222AA64B1300EFBBFA /* SettingsViewModel.swift */,
			);
			path = Settings;
			sourceTree = "<group>";
		};
		E8AA01092AA3BE4900EFBBFA /* Models */ = {
			isa = PBXGroup;
			children = (
				E8AA010C2AA3C20400EFBBFA /* Movie.swift */,
				E8AA010E2AA3C21F00EFBBFA /* ListResponse.swift */,
				E8AA01102AA3D15300EFBBFA /* AuthenticateResponse.swift */,
				E8AA01172AA50B2800EFBBFA /* APIService.swift */,
			);
			path = Models;
			sourceTree = "<group>";
		};
		E8AA01142AA4ABB800EFBBFA /* UI */ = {
			isa = PBXGroup;
			children = (
				E8AA01152AA4ABCD00EFBBFA /* ButtonStyles.swift */,
				E8AA01192AA513A100EFBBFA /* MovieListItem.swift */,
			);
			path = UI;
			sourceTree = "<group>";
		};
		E8AA011D2AA52C8800EFBBFA /* Misc */ = {
			isa = PBXGroup;
			children = (
				E8AA011E2AA52C9900EFBBFA /* Constants.swift */,
			);
			path = Misc;
			sourceTree = "<group>";
		};
/* End PBXGroup section */

/* Begin PBXNativeTarget section */
		E8AA00D22AA3BD1D00EFBBFA /* MyMovies */ = {
			isa = PBXNativeTarget;
			buildConfigurationList = E8AA00FD2AA3BD2500EFBBFA /* Build configuration list for PBXNativeTarget "MyMovies" */;
			buildPhases = (
				E8AA00CF2AA3BD1D00EFBBFA /* Sources */,
				E8AA00D02AA3BD1D00EFBBFA /* Frameworks */,
				E8AA00D12AA3BD1D00EFBBFA /* Resources */,
			);
			buildRules = (
			);
			dependencies = (
			);
			name = MyMovies;
			productName = MyMovies;
			productReference = E8AA00D32AA3BD1D00EFBBFA /* MyMovies.app */;
			productType = "com.apple.product-type.application";
		};
		E8AA00E82AA3BD2400EFBBFA /* MyMoviesTests */ = {
			isa = PBXNativeTarget;
			buildConfigurationList = E8AA01002AA3BD2500EFBBFA /* Build configuration list for PBXNativeTarget "MyMoviesTests" */;
			buildPhases = (
				E8AA00E52AA3BD2400EFBBFA /* Sources */,
				E8AA00E62AA3BD2400EFBBFA /* Frameworks */,
				E8AA00E72AA3BD2400EFBBFA /* Resources */,
			);
			buildRules = (
			);
			dependencies = (
				E8AA00EB2AA3BD2400EFBBFA /* PBXTargetDependency */,
			);
			name = MyMoviesTests;
			productName = MyMoviesTests;
			productReference = E8AA00E92AA3BD2400EFBBFA /* MyMoviesTests.xctest */;
			productType = "com.apple.product-type.bundle.unit-test";
		};
		E8AA00F22AA3BD2400EFBBFA /* MyMoviesUITests */ = {
			isa = PBXNativeTarget;
			buildConfigurationList = E8AA01032AA3BD2500EFBBFA /* Build configuration list for PBXNativeTarget "MyMoviesUITests" */;
			buildPhases = (
				E8AA00EF2AA3BD2400EFBBFA /* Sources */,
				E8AA00F02AA3BD2400EFBBFA /* Frameworks */,
				E8AA00F12AA3BD2400EFBBFA /* Resources */,
			);
			buildRules = (
			);
			dependencies = (
				E8AA00F52AA3BD2400EFBBFA /* PBXTargetDependency */,
			);
			name = MyMoviesUITests;
			productName = MyMoviesUITests;
			productReference = E8AA00F32AA3BD2400EFBBFA /* MyMoviesUITests.xctest */;
			productType = "com.apple.product-type.bundle.ui-testing";
		};
/* End PBXNativeTarget section */

/* Begin PBXProject section */
		E8AA00CB2AA3BD1D00EFBBFA /* Project object */ = {
			isa = PBXProject;
			attributes = {
				BuildIndependentTargetsInParallel = 1;
				LastSwiftUpdateCheck = 1430;
				LastUpgradeCheck = 1430;
				TargetAttributes = {
					E8AA00D22AA3BD1D00EFBBFA = {
						CreatedOnToolsVersion = 14.3.1;
					};
					E8AA00E82AA3BD2400EFBBFA = {
						CreatedOnToolsVersion = 14.3.1;
						TestTargetID = E8AA00D22AA3BD1D00EFBBFA;
					};
					E8AA00F22AA3BD2400EFBBFA = {
						CreatedOnToolsVersion = 14.3.1;
						TestTargetID = E8AA00D22AA3BD1D00EFBBFA;
					};
				};
			};
			buildConfigurationList = E8AA00CE2AA3BD1D00EFBBFA /* Build configuration list for PBXProject "MyMovies" */;
			compatibilityVersion = "Xcode 14.0";
			developmentRegion = en;
			hasScannedForEncodings = 0;
			knownRegions = (
				en,
				Base,
			);
			mainGroup = E8AA00CA2AA3BD1D00EFBBFA;
			productRefGroup = E8AA00D42AA3BD1D00EFBBFA /* Products */;
			projectDirPath = "";
			projectRoot = "";
			targets = (
				E8AA00D22AA3BD1D00EFBBFA /* MyMovies */,
				E8AA00E82AA3BD2400EFBBFA /* MyMoviesTests */,
				E8AA00F22AA3BD2400EFBBFA /* MyMoviesUITests */,
			);
		};
/* End PBXProject section */

/* Begin PBXResourcesBuildPhase section */
		E8AA00D12AA3BD1D00EFBBFA /* Resources */ = {
			isa = PBXResourcesBuildPhase;
			buildActionMask = 2147483647;
			files = (
				E8AA00E42AA3BD2400EFBBFA /* Preview Assets.xcassets in Resources */,
				E8AA00E02AA3BD2400EFBBFA /* Assets.xcassets in Resources */,
			);
			runOnlyForDeploymentPostprocessing = 0;
		};
		E8AA00E72AA3BD2400EFBBFA /* Resources */ = {
			isa = PBXResourcesBuildPhase;
			buildActionMask = 2147483647;
			files = (
			);
			runOnlyForDeploymentPostprocessing = 0;
		};
		E8AA00F12AA3BD2400EFBBFA /* Resources */ = {
			isa = PBXResourcesBuildPhase;
			buildActionMask = 2147483647;
			files = (
			);
			runOnlyForDeploymentPostprocessing = 0;
		};
/* End PBXResourcesBuildPhase section */

/* Begin PBXSourcesBuildPhase section */
		E8AA00CF2AA3BD1D00EFBBFA /* Sources */ = {
			isa = PBXSourcesBuildPhase;
			buildActionMask = 2147483647;
			files = (
				E8AA010B2AA3BEBD00EFBBFA /* SettingsView.swift in Sources */,
				E8AA00D72AA3BD1D00EFBBFA /* MyMoviesApp.swift in Sources */,
				E8AA010F2AA3C21F00EFBBFA /* ListResponse.swift in Sources */,
				E8AA01112AA3D15300EFBBFA /* AuthenticateResponse.swift in Sources */,
				E8AA01182AA50B2800EFBBFA /* APIService.swift in Sources */,
				E8AA011A2AA513A100EFBBFA /* MovieListItem.swift in Sources */,
				E8AA010D2AA3C20400EFBBFA /* Movie.swift in Sources */,
				E8AA011F2AA52C9900EFBBFA /* Constants.swift in Sources */,
				E8AA01212AA52EBE00EFBBFA /* MovieDetail.swift in Sources */,
				E8AA01162AA4ABCD00EFBBFA /* ButtonStyles.swift in Sources */,
				E8AA00DC2AA3BD1D00EFBBFA /* MyMovies.xcdatamodeld in Sources */,
				E8AA00DE2AA3BD1D00EFBBFA /* MovieListView.swift in Sources */,
				E8AA00D92AA3BD1D00EFBBFA /* Persistence.swift in Sources */,
				E8AA01232AA64B1300EFBBFA /* SettingsViewModel.swift in Sources */,
			);
			runOnlyForDeploymentPostprocessing = 0;
		};
		E8AA00E52AA3BD2400EFBBFA /* Sources */ = {
			isa = PBXSourcesBuildPhase;
			buildActionMask = 2147483647;
			files = (
				E8AA00EE2AA3BD2400EFBBFA /* MyMoviesTests.swift in Sources */,
			);
			runOnlyForDeploymentPostprocessing = 0;
		};
		E8AA00EF2AA3BD2400EFBBFA /* Sources */ = {
			isa = PBXSourcesBuildPhase;
			buildActionMask = 2147483647;
			files = (
				E8AA00FA2AA3BD2500EFBBFA /* MyMoviesUITestsLaunchTests.swift in Sources */,
				E8AA00F82AA3BD2500EFBBFA /* MyMoviesUITests.swift in Sources */,
			);
			runOnlyForDeploymentPostprocessing = 0;
		};
/* End PBXSourcesBuildPhase section */

/* Begin PBXTargetDependency section */
		E8AA00EB2AA3BD2400EFBBFA /* PBXTargetDependency */ = {
			isa = PBXTargetDependency;
			target = E8AA00D22AA3BD1D00EFBBFA /* MyMovies */;
			targetProxy = E8AA00EA2AA3BD2400EFBBFA /* PBXContainerItemProxy */;
		};
		E8AA00F52AA3BD2400EFBBFA /* PBXTargetDependency */ = {
			isa = PBXTargetDependency;
			target = E8AA00D22AA3BD1D00EFBBFA /* MyMovies */;
			targetProxy = E8AA00F42AA3BD2400EFBBFA /* PBXContainerItemProxy */;
		};
/* End PBXTargetDependency section */

/* Begin XCBuildConfiguration section */
		E8AA00FB2AA3BD2500EFBBFA /* Debug */ = {
			isa = XCBuildConfiguration;
			buildSettings = {
				ALWAYS_SEARCH_USER_PATHS = NO;
				CLANG_ANALYZER_NONNULL = YES;
				CLANG_ANALYZER_NUMBER_OBJECT_CONVERSION = YES_AGGRESSIVE;
				CLANG_CXX_LANGUAGE_STANDARD = "gnu++20";
				CLANG_ENABLE_MODULES = YES;
				CLANG_ENABLE_OBJC_ARC = YES;
				CLANG_ENABLE_OBJC_WEAK = YES;
				CLANG_WARN_BLOCK_CAPTURE_AUTORELEASING = YES;
				CLANG_WARN_BOOL_CONVERSION = YES;
				CLANG_WARN_COMMA = YES;
				CLANG_WARN_CONSTANT_CONVERSION = YES;
				CLANG_WARN_DEPRECATED_OBJC_IMPLEMENTATIONS = YES;
				CLANG_WARN_DIRECT_OBJC_ISA_USAGE = YES_ERROR;
				CLANG_WARN_DOCUMENTATION_COMMENTS = YES;
				CLANG_WARN_EMPTY_BODY = YES;
				CLANG_WARN_ENUM_CONVERSION = YES;
				CLANG_WARN_INFINITE_RECURSION = YES;
				CLANG_WARN_INT_CONVERSION = YES;
				CLANG_WARN_NON_LITERAL_NULL_CONVERSION = YES;
				CLANG_WARN_OBJC_IMPLICIT_RETAIN_SELF = YES;
				CLANG_WARN_OBJC_LITERAL_CONVERSION = YES;
				CLANG_WARN_OBJC_ROOT_CLASS = YES_ERROR;
				CLANG_WARN_QUOTED_INCLUDE_IN_FRAMEWORK_HEADER = YES;
				CLANG_WARN_RANGE_LOOP_ANALYSIS = YES;
				CLANG_WARN_STRICT_PROTOTYPES = YES;
				CLANG_WARN_SUSPICIOUS_MOVE = YES;
				CLANG_WARN_UNGUARDED_AVAILABILITY = YES_AGGRESSIVE;
				CLANG_WARN_UNREACHABLE_CODE = YES;
				CLANG_WARN__DUPLICATE_METHOD_MATCH = YES;
				COPY_PHASE_STRIP = NO;
				DEBUG_INFORMATION_FORMAT = dwarf;
				ENABLE_STRICT_OBJC_MSGSEND = YES;
				ENABLE_TESTABILITY = YES;
				GCC_C_LANGUAGE_STANDARD = gnu11;
				GCC_DYNAMIC_NO_PIC = NO;
				GCC_NO_COMMON_BLOCKS = YES;
				GCC_OPTIMIZATION_LEVEL = 0;
				GCC_PREPROCESSOR_DEFINITIONS = (
					"DEBUG=1",
					"$(inherited)",
				);
				GCC_WARN_64_TO_32_BIT_CONVERSION = YES;
				GCC_WARN_ABOUT_RETURN_TYPE = YES_ERROR;
				GCC_WARN_UNDECLARED_SELECTOR = YES;
				GCC_WARN_UNINITIALIZED_AUTOS = YES_AGGRESSIVE;
				GCC_WARN_UNUSED_FUNCTION = YES;
				GCC_WARN_UNUSED_VARIABLE = YES;
				MTL_ENABLE_DEBUG_INFO = INCLUDE_SOURCE;
				MTL_FAST_MATH = YES;
				ONLY_ACTIVE_ARCH = YES;
				SWIFT_ACTIVE_COMPILATION_CONDITIONS = DEBUG;
				SWIFT_OPTIMIZATION_LEVEL = "-Onone";
			};
			name = Debug;
		};
		E8AA00FC2AA3BD2500EFBBFA /* Release */ = {
			isa = XCBuildConfiguration;
			buildSettings = {
				ALWAYS_SEARCH_USER_PATHS = NO;
				CLANG_ANALYZER_NONNULL = YES;
				CLANG_ANALYZER_NUMBER_OBJECT_CONVERSION = YES_AGGRESSIVE;
				CLANG_CXX_LANGUAGE_STANDARD = "gnu++20";
				CLANG_ENABLE_MODULES = YES;
				CLANG_ENABLE_OBJC_ARC = YES;
				CLANG_ENABLE_OBJC_WEAK = YES;
				CLANG_WARN_BLOCK_CAPTURE_AUTORELEASING = YES;
				CLANG_WARN_BOOL_CONVERSION = YES;
				CLANG_WARN_COMMA = YES;
				CLANG_WARN_CONSTANT_CONVERSION = YES;
				CLANG_WARN_DEPRECATED_OBJC_IMPLEMENTATIONS = YES;
				CLANG_WARN_DIRECT_OBJC_ISA_USAGE = YES_ERROR;
				CLANG_WARN_DOCUMENTATION_COMMENTS = YES;
				CLANG_WARN_EMPTY_BODY = YES;
				CLANG_WARN_ENUM_CONVERSION = YES;
				CLANG_WARN_INFINITE_RECURSION = YES;
				CLANG_WARN_INT_CONVERSION = YES;
				CLANG_WARN_NON_LITERAL_NULL_CONVERSION = YES;
				CLANG_WARN_OBJC_IMPLICIT_RETAIN_SELF = YES;
				CLANG_WARN_OBJC_LITERAL_CONVERSION = YES;
				CLANG_WARN_OBJC_ROOT_CLASS = YES_ERROR;
				CLANG_WARN_QUOTED_INCLUDE_IN_FRAMEWORK_HEADER = YES;
				CLANG_WARN_RANGE_LOOP_ANALYSIS = YES;
				CLANG_WARN_STRICT_PROTOTYPES = YES;
				CLANG_WARN_SUSPICIOUS_MOVE = YES;
				CLANG_WARN_UNGUARDED_AVAILABILITY = YES_AGGRESSIVE;
				CLANG_WARN_UNREACHABLE_CODE = YES;
				CLANG_WARN__DUPLICATE_METHOD_MATCH = YES;
				COPY_PHASE_STRIP = NO;
				DEBUG_INFORMATION_FORMAT = "dwarf-with-dsym";
				ENABLE_NS_ASSERTIONS = NO;
				ENABLE_STRICT_OBJC_MSGSEND = YES;
				GCC_C_LANGUAGE_STANDARD = gnu11;
				GCC_NO_COMMON_BLOCKS = YES;
				GCC_WARN_64_TO_32_BIT_CONVERSION = YES;
				GCC_WARN_ABOUT_RETURN_TYPE = YES_ERROR;
				GCC_WARN_UNDECLARED_SELECTOR = YES;
				GCC_WARN_UNINITIALIZED_AUTOS = YES_AGGRESSIVE;
				GCC_WARN_UNUSED_FUNCTION = YES;
				GCC_WARN_UNUSED_VARIABLE = YES;
				MTL_ENABLE_DEBUG_INFO = NO;
				MTL_FAST_MATH = YES;
				SWIFT_COMPILATION_MODE = wholemodule;
				SWIFT_OPTIMIZATION_LEVEL = "-O";
			};
			name = Release;
		};
		E8AA00FE2AA3BD2500EFBBFA /* Debug */ = {
			isa = XCBuildConfiguration;
			buildSettings = {
				ASSETCATALOG_COMPILER_APPICON_NAME = AppIcon;
				ASSETCATALOG_COMPILER_GLOBAL_ACCENT_COLOR_NAME = AccentColor;
				CODE_SIGN_ENTITLEMENTS = MyMovies/MyMovies.entitlements;
				CODE_SIGN_STYLE = Automatic;
				CURRENT_PROJECT_VERSION = 1;
				DEVELOPMENT_ASSET_PATHS = "\"MyMovies/Preview Content\"";
				DEVELOPMENT_TEAM = N3Q9ANAHTS;
				ENABLE_HARDENED_RUNTIME = YES;
				ENABLE_PREVIEWS = YES;
				GENERATE_INFOPLIST_FILE = YES;
				"INFOPLIST_KEY_UIApplicationSceneManifest_Generation[sdk=iphoneos*]" = YES;
				"INFOPLIST_KEY_UIApplicationSceneManifest_Generation[sdk=iphonesimulator*]" = YES;
				"INFOPLIST_KEY_UIApplicationSupportsIndirectInputEvents[sdk=iphoneos*]" = YES;
				"INFOPLIST_KEY_UIApplicationSupportsIndirectInputEvents[sdk=iphonesimulator*]" = YES;
				"INFOPLIST_KEY_UILaunchScreen_Generation[sdk=iphoneos*]" = YES;
				"INFOPLIST_KEY_UILaunchScreen_Generation[sdk=iphonesimulator*]" = YES;
				"INFOPLIST_KEY_UIStatusBarStyle[sdk=iphoneos*]" = UIStatusBarStyleDefault;
				"INFOPLIST_KEY_UIStatusBarStyle[sdk=iphonesimulator*]" = UIStatusBarStyleDefault;
				INFOPLIST_KEY_UISupportedInterfaceOrientations_iPad = "UIInterfaceOrientationPortrait UIInterfaceOrientationPortraitUpsideDown UIInterfaceOrientationLandscapeLeft UIInterfaceOrientationLandscapeRight";
				INFOPLIST_KEY_UISupportedInterfaceOrientations_iPhone = "UIInterfaceOrientationPortrait UIInterfaceOrientationLandscapeLeft UIInterfaceOrientationLandscapeRight";
				IPHONEOS_DEPLOYMENT_TARGET = 16.4;
				LD_RUNPATH_SEARCH_PATHS = "@executable_path/Frameworks";
				"LD_RUNPATH_SEARCH_PATHS[sdk=macosx*]" = "@executable_path/../Frameworks";
				MACOSX_DEPLOYMENT_TARGET = 13.3;
				MARKETING_VERSION = 1.0;
				PRODUCT_BUNDLE_IDENTIFIER = Felipe.MyMovies;
				PRODUCT_NAME = "$(TARGET_NAME)";
				SDKROOT = auto;
				SUPPORTED_PLATFORMS = "iphoneos iphonesimulator macosx";
				SWIFT_EMIT_LOC_STRINGS = YES;
				SWIFT_VERSION = 5.0;
				TARGETED_DEVICE_FAMILY = "1,2";
			};
			name = Debug;
		};
		E8AA00FF2AA3BD2500EFBBFA /* Release */ = {
			isa = XCBuildConfiguration;
			buildSettings = {
				ASSETCATALOG_COMPILER_APPICON_NAME = AppIcon;
				ASSETCATALOG_COMPILER_GLOBAL_ACCENT_COLOR_NAME = AccentColor;
				CODE_SIGN_ENTITLEMENTS = MyMovies/MyMovies.entitlements;
				CODE_SIGN_STYLE = Automatic;
				CURRENT_PROJECT_VERSION = 1;
				DEVELOPMENT_ASSET_PATHS = "\"MyMovies/Preview Content\"";
				DEVELOPMENT_TEAM = N3Q9ANAHTS;
				ENABLE_HARDENED_RUNTIME = YES;
				ENABLE_PREVIEWS = YES;
				GENERATE_INFOPLIST_FILE = YES;
				"INFOPLIST_KEY_UIApplicationSceneManifest_Generation[sdk=iphoneos*]" = YES;
				"INFOPLIST_KEY_UIApplicationSceneManifest_Generation[sdk=iphonesimulator*]" = YES;
				"INFOPLIST_KEY_UIApplicationSupportsIndirectInputEvents[sdk=iphoneos*]" = YES;
				"INFOPLIST_KEY_UIApplicationSupportsIndirectInputEvents[sdk=iphonesimulator*]" = YES;
				"INFOPLIST_KEY_UILaunchScreen_Generation[sdk=iphoneos*]" = YES;
				"INFOPLIST_KEY_UILaunchScreen_Generation[sdk=iphonesimulator*]" = YES;
				"INFOPLIST_KEY_UIStatusBarStyle[sdk=iphoneos*]" = UIStatusBarStyleDefault;
				"INFOPLIST_KEY_UIStatusBarStyle[sdk=iphonesimulator*]" = UIStatusBarStyleDefault;
				INFOPLIST_KEY_UISupportedInterfaceOrientations_iPad = "UIInterfaceOrientationPortrait UIInterfaceOrientationPortraitUpsideDown UIInterfaceOrientationLandscapeLeft UIInterfaceOrientationLandscapeRight";
				INFOPLIST_KEY_UISupportedInterfaceOrientations_iPhone = "UIInterfaceOrientationPortrait UIInterfaceOrientationLandscapeLeft UIInterfaceOrientationLandscapeRight";
				IPHONEOS_DEPLOYMENT_TARGET = 16.4;
				LD_RUNPATH_SEARCH_PATHS = "@executable_path/Frameworks";
				"LD_RUNPATH_SEARCH_PATHS[sdk=macosx*]" = "@executable_path/../Frameworks";
				MACOSX_DEPLOYMENT_TARGET = 13.3;
				MARKETING_VERSION = 1.0;
				PRODUCT_BUNDLE_IDENTIFIER = Felipe.MyMovies;
				PRODUCT_NAME = "$(TARGET_NAME)";
				SDKROOT = auto;
				SUPPORTED_PLATFORMS = "iphoneos iphonesimulator macosx";
				SWIFT_EMIT_LOC_STRINGS = YES;
				SWIFT_VERSION = 5.0;
				TARGETED_DEVICE_FAMILY = "1,2";
			};
			name = Release;
		};
		E8AA01012AA3BD2500EFBBFA /* Debug */ = {
			isa = XCBuildConfiguration;
			buildSettings = {
				ALWAYS_EMBED_SWIFT_STANDARD_LIBRARIES = YES;
				BUNDLE_LOADER = "$(TEST_HOST)";
				CODE_SIGN_STYLE = Automatic;
				CURRENT_PROJECT_VERSION = 1;
				DEVELOPMENT_TEAM = N3Q9ANAHTS;
				GENERATE_INFOPLIST_FILE = YES;
				IPHONEOS_DEPLOYMENT_TARGET = 16.4;
				MACOSX_DEPLOYMENT_TARGET = 13.3;
				MARKETING_VERSION = 1.0;
				PRODUCT_BUNDLE_IDENTIFIER = Felipe.MyMoviesTests;
				PRODUCT_NAME = "$(TARGET_NAME)";
				SDKROOT = auto;
				SUPPORTED_PLATFORMS = "iphoneos iphonesimulator macosx";
				SWIFT_EMIT_LOC_STRINGS = NO;
				SWIFT_VERSION = 5.0;
				TARGETED_DEVICE_FAMILY = "1,2";
				TEST_HOST = "$(BUILT_PRODUCTS_DIR)/MyMovies.app/$(BUNDLE_EXECUTABLE_FOLDER_PATH)/MyMovies";
			};
			name = Debug;
		};
		E8AA01022AA3BD2500EFBBFA /* Release */ = {
			isa = XCBuildConfiguration;
			buildSettings = {
				ALWAYS_EMBED_SWIFT_STANDARD_LIBRARIES = YES;
				BUNDLE_LOADER = "$(TEST_HOST)";
				CODE_SIGN_STYLE = Automatic;
				CURRENT_PROJECT_VERSION = 1;
				DEVELOPMENT_TEAM = N3Q9ANAHTS;
				GENERATE_INFOPLIST_FILE = YES;
				IPHONEOS_DEPLOYMENT_TARGET = 16.4;
				MACOSX_DEPLOYMENT_TARGET = 13.3;
				MARKETING_VERSION = 1.0;
				PRODUCT_BUNDLE_IDENTIFIER = Felipe.MyMoviesTests;
				PRODUCT_NAME = "$(TARGET_NAME)";
				SDKROOT = auto;
				SUPPORTED_PLATFORMS = "iphoneos iphonesimulator macosx";
				SWIFT_EMIT_LOC_STRINGS = NO;
				SWIFT_VERSION = 5.0;
				TARGETED_DEVICE_FAMILY = "1,2";
				TEST_HOST = "$(BUILT_PRODUCTS_DIR)/MyMovies.app/$(BUNDLE_EXECUTABLE_FOLDER_PATH)/MyMovies";
			};
			name = Release;
		};
		E8AA01042AA3BD2500EFBBFA /* Debug */ = {
			isa = XCBuildConfiguration;
			buildSettings = {
				ALWAYS_EMBED_SWIFT_STANDARD_LIBRARIES = YES;
				CODE_SIGN_STYLE = Automatic;
				CURRENT_PROJECT_VERSION = 1;
				DEVELOPMENT_TEAM = N3Q9ANAHTS;
				GENERATE_INFOPLIST_FILE = YES;
				IPHONEOS_DEPLOYMENT_TARGET = 16.4;
				MACOSX_DEPLOYMENT_TARGET = 13.3;
				MARKETING_VERSION = 1.0;
				PRODUCT_BUNDLE_IDENTIFIER = Felipe.MyMoviesUITests;
				PRODUCT_NAME = "$(TARGET_NAME)";
				SDKROOT = auto;
				SUPPORTED_PLATFORMS = "iphoneos iphonesimulator macosx";
				SWIFT_EMIT_LOC_STRINGS = NO;
				SWIFT_VERSION = 5.0;
				TARGETED_DEVICE_FAMILY = "1,2";
				TEST_TARGET_NAME = MyMovies;
			};
			name = Debug;
		};
		E8AA01052AA3BD2500EFBBFA /* Release */ = {
			isa = XCBuildConfiguration;
			buildSettings = {
				ALWAYS_EMBED_SWIFT_STANDARD_LIBRARIES = YES;
				CODE_SIGN_STYLE = Automatic;
				CURRENT_PROJECT_VERSION = 1;
				DEVELOPMENT_TEAM = N3Q9ANAHTS;
				GENERATE_INFOPLIST_FILE = YES;
				IPHONEOS_DEPLOYMENT_TARGET = 16.4;
				MACOSX_DEPLOYMENT_TARGET = 13.3;
				MARKETING_VERSION = 1.0;
				PRODUCT_BUNDLE_IDENTIFIER = Felipe.MyMoviesUITests;
				PRODUCT_NAME = "$(TARGET_NAME)";
				SDKROOT = auto;
				SUPPORTED_PLATFORMS = "iphoneos iphonesimulator macosx";
				SWIFT_EMIT_LOC_STRINGS = NO;
				SWIFT_VERSION = 5.0;
				TARGETED_DEVICE_FAMILY = "1,2";
				TEST_TARGET_NAME = MyMovies;
			};
			name = Release;
		};
/* End XCBuildConfiguration section */

/* Begin XCConfigurationList section */
		E8AA00CE2AA3BD1D00EFBBFA /* Build configuration list for PBXProject "MyMovies" */ = {
			isa = XCConfigurationList;
			buildConfigurations = (
				E8AA00FB2AA3BD2500EFBBFA /* Debug */,
				E8AA00FC2AA3BD2500EFBBFA /* Release */,
			);
			defaultConfigurationIsVisible = 0;
			defaultConfigurationName = Release;
		};
		E8AA00FD2AA3BD2500EFBBFA /* Build configuration list for PBXNativeTarget "MyMovies" */ = {
			isa = XCConfigurationList;
			buildConfigurations = (
				E8AA00FE2AA3BD2500EFBBFA /* Debug */,
				E8AA00FF2AA3BD2500EFBBFA /* Release */,
			);
			defaultConfigurationIsVisible = 0;
			defaultConfigurationName = Release;
		};
		E8AA01002AA3BD2500EFBBFA /* Build configuration list for PBXNativeTarget "MyMoviesTests" */ = {
			isa = XCConfigurationList;
			buildConfigurations = (
				E8AA01012AA3BD2500EFBBFA /* Debug */,
				E8AA01022AA3BD2500EFBBFA /* Release */,
			);
			defaultConfigurationIsVisible = 0;
			defaultConfigurationName = Release;
		};
		E8AA01032AA3BD2500EFBBFA /* Build configuration list for PBXNativeTarget "MyMoviesUITests" */ = {
			isa = XCConfigurationList;
			buildConfigurations = (
				E8AA01042AA3BD2500EFBBFA /* Debug */,
				E8AA01052AA3BD2500EFBBFA /* Release */,
			);
			defaultConfigurationIsVisible = 0;
			defaultConfigurationName = Release;
		};
/* End XCConfigurationList section */

/* Begin XCVersionGroup section */
		E8AA00DA2AA3BD1D00EFBBFA /* MyMovies.xcdatamodeld */ = {
			isa = XCVersionGroup;
			children = (
				E8AA00DB2AA3BD1D00EFBBFA /* MyMovies.xcdatamodel */,
			);
			currentVersion = E8AA00DB2AA3BD1D00EFBBFA /* MyMovies.xcdatamodel */;
			path = MyMovies.xcdatamodeld;
			sourceTree = "<group>";
			versionGroupType = wrapper.xcdatamodel;
		};
/* End XCVersionGroup section */
	};
	rootObject = E8AA00CB2AA3BD1D00EFBBFA /* Project object */;
}
